
Microsoft Visual Studio Solution File, Format Version 12.00
# Visual Studio Version 17
VisualStudioVersion = 17.14.36915.13 d17.14
MinimumVisualStudioVersion = 10.0.40219.1
Project("{FAE04EC0-301F-11D3-BF4B-00C04F79EFBC}") = "SP2026-Assignment1-SMMarch", "SP2026-Assignment1-SMMarch\SP2026-Assignment1-SMMarch.csproj", "{6CFCFA94-2B5F-4D46-8B32-5A5B5D635C20}"
EndProject
Global
	GlobalSection(SolutionConfigurationPlatforms) = preSolution
		Debug|Any CPU = Debug|Any CPU
		Release|Any CPU = Release|Any CPU
	EndGlobalSection
	GlobalSection(ProjectConfigurationPlatforms) = postSolution
		{6CFCFA94-2B5F-4D46-8B32-5A5B5D635C20}.Debug|Any CPU.ActiveCfg = Debug|Any CPU
		{6CFCFA94-2B5F-4D46-8B32-5A5B5D635C20}.Debug|Any CPU.Build.0 = Debug|Any CPU
		{6CFCFA94-2B5F-4D46-8B32-5A5B5D635C20}.Release|Any CPU.ActiveCfg = Release|Any CPU
		{6CFCFA94-2B5F-4D46-8B32-5A5B5D635C20}.Release|Any CPU.Build.0 = Release|Any CPU
	EndGlobalSection
	GlobalSection(SolutionProperties) = preSolution
		HideSolutionNode = FALSE
	EndGlobalSection
	GlobalSection(ExtensibilityGlobals) = postSolution
		SolutionGuid = {425ACC3A-017D-4F94-8C74-5B9985A0A674}
	EndGlobalSection
EndGlobal
